
Microsoft Visual Studio Solution File, Format Version 12.00
# Visual Studio Version 17
VisualStudioVersion = 17.11.35327.3
MinimumVisualStudioVersion = 10.0.40219.1
Project("{9A19103F-16F7-4668-BE54-9A1E7A4F7556}") = "CBSapp.Server", "CBSapp.Server\CBSapp.Server.csproj", "{98049338-197E-4791-B491-F9135F9D36E2}"
EndProject
Project("{FAE04EC0-301F-11D3-BF4B-00C04F79EFBC}") = "CBSapp.DOMAIN", "CBSapp.DOMAIN\CBSapp.DOMAIN.csproj", "{8B4C6AC7-D7D9-4418-8EF7-5B1339080D6C}"
EndProject
Project("{FAE04EC0-301F-11D3-BF4B-00C04F79EFBC}") = "CBSapp.INFRASTRUCTURE", "CBSapp.INFRASTRUCTURE\CBSapp.INFRASTRUCTURE.csproj", "{A033D3C1-D54E-4D41-80C1-BE05193CE068}"
EndProject
Project("{FAE04EC0-301F-11D3-BF4B-00C04F79EFBC}") = "CBSapp.APPLICATION", "CBSapp.APPLICATION\CBSapp.APPLICATION.csproj", "{3F1D5E51-10B4-46FC-AB17-B76FE571AA97}"
EndProject
Project("{FAE04EC0-301F-11D3-BF4B-00C04F79EFBC}") = "CBSapp.Web.API", "CBSapp.Web.API\CBSapp.Web.API.csproj", "{AEA29441-ACF5-4477-A822-1E7E19002BEF}"
EndProject
Global
	GlobalSection(SolutionConfigurationPlatforms) = preSolution
		Debug|Any CPU = Debug|Any CPU
		Release|Any CPU = Release|Any CPU
	EndGlobalSection
	GlobalSection(ProjectConfigurationPlatforms) = postSolution
		{98049338-197E-4791-B491-F9135F9D36E2}.Debug|Any CPU.ActiveCfg = Debug|Any CPU
		{98049338-197E-4791-B491-F9135F9D36E2}.Debug|Any CPU.Build.0 = Debug|Any CPU
		{98049338-197E-4791-B491-F9135F9D36E2}.Release|Any CPU.ActiveCfg = Release|Any CPU
		{98049338-197E-4791-B491-F9135F9D36E2}.Release|Any CPU.Build.0 = Release|Any CPU
		{8B4C6AC7-D7D9-4418-8EF7-5B1339080D6C}.Debug|Any CPU.ActiveCfg = Debug|Any CPU
		{8B4C6AC7-D7D9-4418-8EF7-5B1339080D6C}.Debug|Any CPU.Build.0 = Debug|Any CPU
		{8B4C6AC7-D7D9-4418-8EF7-5B1339080D6C}.Release|Any CPU.ActiveCfg = Release|Any CPU
		{8B4C6AC7-D7D9-4418-8EF7-5B1339080D6C}.Release|Any CPU.Build.0 = Release|Any CPU
		{A033D3C1-D54E-4D41-80C1-BE05193CE068}.Debug|Any CPU.ActiveCfg = Debug|Any CPU
		{A033D3C1-D54E-4D41-80C1-BE05193CE068}.Debug|Any CPU.Build.0 = Debug|Any CPU
		{A033D3C1-D54E-4D41-80C1-BE05193CE068}.Release|Any CPU.ActiveCfg = Release|Any CPU
		{A033D3C1-D54E-4D41-80C1-BE05193CE068}.Release|Any CPU.Build.0 = Release|Any CPU
		{3F1D5E51-10B4-46FC-AB17-B76FE571AA97}.Debug|Any CPU.ActiveCfg = Debug|Any CPU
		{3F1D5E51-10B4-46FC-AB17-B76FE571AA97}.Debug|Any CPU.Build.0 = Debug|Any CPU
		{3F1D5E51-10B4-46FC-AB17-B76FE571AA97}.Release|Any CPU.ActiveCfg = Release|Any CPU
		{3F1D5E51-10B4-46FC-AB17-B76FE571AA97}.Release|Any CPU.Build.0 = Release|Any CPU
		{AEA29441-ACF5-4477-A822-1E7E19002BEF}.Debug|Any CPU.ActiveCfg = Debug|Any CPU
		{AEA29441-ACF5-4477-A822-1E7E19002BEF}.Debug|Any CPU.Build.0 = Debug|Any CPU
		{AEA29441-ACF5-4477-A822-1E7E19002BEF}.Release|Any CPU.ActiveCfg = Release|Any CPU
		{AEA29441-ACF5-4477-A822-1E7E19002BEF}.Release|Any CPU.Build.0 = Release|Any CPU
	EndGlobalSection
	GlobalSection(SolutionProperties) = preSolution
		HideSolutionNode = FALSE
	EndGlobalSection
	GlobalSection(ExtensibilityGlobals) = postSolution
		SolutionGuid = {8C90E8A1-9DC5-4458-953E-666727D87A9B}
	EndGlobalSection
EndGlobal
