
Microsoft Visual Studio Solution File, Format Version 12.00
# Visual Studio Version 17
VisualStudioVersion = 17.11.35327.3
MinimumVisualStudioVersion = 10.0.40219.1
Project("{FAE04EC0-301F-11D3-BF4B-00C04F79EFBC}") = "CBSapp.Server", "CBSapp.Server\CBSapp.Server.csproj", "{98049338-197E-4791-B491-F9135F9D36E2}"
EndProject
Project("{FAE04EC0-301F-11D3-BF4B-00C04F79EFBC}") = "CBSapp.Web", "CBSapp.Web\CBSapp.Web.csproj", "{B82CE912-6684-4958-8BF6-DA76E6953DF0}"
EndProject
Global
	GlobalSection(SolutionConfigurationPlatforms) = preSolution
		Debug|Any CPU = Debug|Any CPU
		Release|Any CPU = Release|Any CPU
	EndGlobalSection
	GlobalSection(ProjectConfigurationPlatforms) = postSolution
		{98049338-197E-4791-B491-F9135F9D36E2}.Debug|Any CPU.ActiveCfg = Debug|Any CPU
		{98049338-197E-4791-B491-F9135F9D36E2}.Debug|Any CPU.Build.0 = Debug|Any CPU
		{98049338-197E-4791-B491-F9135F9D36E2}.Release|Any CPU.ActiveCfg = Release|Any CPU
		{98049338-197E-4791-B491-F9135F9D36E2}.Release|Any CPU.Build.0 = Release|Any CPU
		{B82CE912-6684-4958-8BF6-DA76E6953DF0}.Debug|Any CPU.ActiveCfg = Debug|Any CPU
		{B82CE912-6684-4958-8BF6-DA76E6953DF0}.Debug|Any CPU.Build.0 = Debug|Any CPU
		{B82CE912-6684-4958-8BF6-DA76E6953DF0}.Release|Any CPU.ActiveCfg = Release|Any CPU
		{B82CE912-6684-4958-8BF6-DA76E6953DF0}.Release|Any CPU.Build.0 = Release|Any CPU
	EndGlobalSection
	GlobalSection(SolutionProperties) = preSolution
		HideSolutionNode = FALSE
	EndGlobalSection
	GlobalSection(ExtensibilityGlobals) = postSolution
		SolutionGuid = {8C90E8A1-9DC5-4458-953E-666727D87A9B}
	EndGlobalSection
EndGlobal
